
Microsoft Visual Studio Solution File, Format Version 12.00
# Visual Studio Version 17
VisualStudioVersion = 17.5.33414.496
MinimumVisualStudioVersion = 10.0.40219.1
Project("{9A19103F-16F7-4668-BE54-9A1E7A4F7556}") = "Vemahk.Infrastructure.Sql", "Vemahk.Infrastructure.Sql.csproj", "{7905E926-3791-41F5-9369-13EA17145CE3}"
EndProject
Project("{9A19103F-16F7-4668-BE54-9A1E7A4F7556}") = "Vemahk.Infrastructure.Sql.Test", "..\Test\Vemahk.Infrastructure.Sql.Test.csproj", "{64EAB4B7-F808-4EB3-9A32-CCA6E74088D7}"
EndProject
Project("{2150E333-8FDC-42A3-9474-1A3956D46DE8}") = "Dependencies", "Dependencies", "{876A74E8-DC79-4D7C-B134-746AA7DAB48C}"
EndProject
Project("{9A19103F-16F7-4668-BE54-9A1E7A4F7556}") = "Vemahk.Infrastructure", "..\..\Vemahk.Infrastructure\src\Vemahk.Infrastructure.csproj", "{6B2AF1A8-1FBD-4BF8-8CC7-15F09FE193BD}"
EndProject
Project("{9A19103F-16F7-4668-BE54-9A1E7A4F7556}") = "Vemahk.Kernel", "..\..\Vemahk.Kernel\src\Vemahk.Kernel.csproj", "{CA4D29BE-AA81-41B7-95AE-5104FC7C32AB}"
EndProject
Global
	GlobalSection(SolutionConfigurationPlatforms) = preSolution
		Debug|Any CPU = Debug|Any CPU
		Release|Any CPU = Release|Any CPU
	EndGlobalSection
	GlobalSection(ProjectConfigurationPlatforms) = postSolution
		{7905E926-3791-41F5-9369-13EA17145CE3}.Debug|Any CPU.ActiveCfg = Debug|Any CPU
		{7905E926-3791-41F5-9369-13EA17145CE3}.Debug|Any CPU.Build.0 = Debug|Any CPU
		{7905E926-3791-41F5-9369-13EA17145CE3}.Release|Any CPU.ActiveCfg = Release|Any CPU
		{7905E926-3791-41F5-9369-13EA17145CE3}.Release|Any CPU.Build.0 = Release|Any CPU
		{64EAB4B7-F808-4EB3-9A32-CCA6E74088D7}.Debug|Any CPU.ActiveCfg = Debug|Any CPU
		{64EAB4B7-F808-4EB3-9A32-CCA6E74088D7}.Debug|Any CPU.Build.0 = Debug|Any CPU
		{64EAB4B7-F808-4EB3-9A32-CCA6E74088D7}.Release|Any CPU.ActiveCfg = Release|Any CPU
		{64EAB4B7-F808-4EB3-9A32-CCA6E74088D7}.Release|Any CPU.Build.0 = Release|Any CPU
		{6B2AF1A8-1FBD-4BF8-8CC7-15F09FE193BD}.Debug|Any CPU.ActiveCfg = Debug|Any CPU
		{6B2AF1A8-1FBD-4BF8-8CC7-15F09FE193BD}.Debug|Any CPU.Build.0 = Debug|Any CPU
		{6B2AF1A8-1FBD-4BF8-8CC7-15F09FE193BD}.Release|Any CPU.ActiveCfg = Release|Any CPU
		{6B2AF1A8-1FBD-4BF8-8CC7-15F09FE193BD}.Release|Any CPU.Build.0 = Release|Any CPU
		{CA4D29BE-AA81-41B7-95AE-5104FC7C32AB}.Debug|Any CPU.ActiveCfg = Debug|Any CPU
		{CA4D29BE-AA81-41B7-95AE-5104FC7C32AB}.Debug|Any CPU.Build.0 = Debug|Any CPU
		{CA4D29BE-AA81-41B7-95AE-5104FC7C32AB}.Release|Any CPU.ActiveCfg = Release|Any CPU
		{CA4D29BE-AA81-41B7-95AE-5104FC7C32AB}.Release|Any CPU.Build.0 = Release|Any CPU
	EndGlobalSection
	GlobalSection(SolutionProperties) = preSolution
		HideSolutionNode = FALSE
	EndGlobalSection
	GlobalSection(NestedProjects) = preSolution
		{6B2AF1A8-1FBD-4BF8-8CC7-15F09FE193BD} = {876A74E8-DC79-4D7C-B134-746AA7DAB48C}
		{CA4D29BE-AA81-41B7-95AE-5104FC7C32AB} = {876A74E8-DC79-4D7C-B134-746AA7DAB48C}
	EndGlobalSection
	GlobalSection(ExtensibilityGlobals) = postSolution
		SolutionGuid = {43AFD709-A629-46A2-918A-6F4B37DE60CC}
	EndGlobalSection
EndGlobal
